
Microsoft Visual Studio Solution File, Format Version 12.00
# Visual Studio Version 17
VisualStudioVersion = 17.14.35806.103 d17.14
MinimumVisualStudioVersion = 10.0.40219.1
Project("{FAE04EC0-301F-11D3-BF4B-00C04F79EFBC}") = "MarketOtomasyonu", "MarketOtomasyonu\MarketOtomasyonu.csproj", "{820BDC37-D338-4A83-B265-D02298D1BD4F}"
EndProject
Global
	GlobalSection(SolutionConfigurationPlatforms) = preSolution
		Debug|Any CPU = Debug|Any CPU
		Release|Any CPU = Release|Any CPU
	EndGlobalSection
	GlobalSection(ProjectConfigurationPlatforms) = postSolution
		{820BDC37-D338-4A83-B265-D02298D1BD4F}.Debug|Any CPU.ActiveCfg = Debug|Any CPU
		{820BDC37-D338-4A83-B265-D02298D1BD4F}.Debug|Any CPU.Build.0 = Debug|Any CPU
		{820BDC37-D338-4A83-B265-D02298D1BD4F}.Release|Any CPU.ActiveCfg = Release|Any CPU
		{820BDC37-D338-4A83-B265-D02298D1BD4F}.Release|Any CPU.Build.0 = Release|Any CPU
	EndGlobalSection
	GlobalSection(SolutionProperties) = preSolution
		HideSolutionNode = FALSE
	EndGlobalSection
	GlobalSection(ExtensibilityGlobals) = postSolution
		SolutionGuid = {653FC96B-945E-41C9-8152-D3230C18DAFA}
	EndGlobalSection
EndGlobal
